
Microsoft Visual Studio Solution File, Format Version 12.00
# Visual Studio 15
VisualStudioVersion = 15.0.26124.0
MinimumVisualStudioVersion = 15.0.26124.0
Project("{FAE04EC0-301F-11D3-BF4B-00C04F79EFBC}") = "capstone", "emp_service\capstone.csproj", "{54CAA7AB-C75F-4976-9D7A-DC9EEFD2BE7D}"
EndProject
Project("{FAE04EC0-301F-11D3-BF4B-00C04F79EFBC}") = "emp_service_test", "emp_service_test\emp_service_test.csproj", "{C2337C57-94D2-4796-9F2C-54CA9417550F}"
EndProject
Global
	GlobalSection(SolutionConfigurationPlatforms) = preSolution
		Debug|Any CPU = Debug|Any CPU
		Debug|x64 = Debug|x64
		Debug|x86 = Debug|x86
		Release|Any CPU = Release|Any CPU
		Release|x64 = Release|x64
		Release|x86 = Release|x86
	EndGlobalSection
	GlobalSection(SolutionProperties) = preSolution
		HideSolutionNode = FALSE
	EndGlobalSection
	GlobalSection(ProjectConfigurationPlatforms) = postSolution
		{54CAA7AB-C75F-4976-9D7A-DC9EEFD2BE7D}.Debug|Any CPU.ActiveCfg = Debug|Any CPU
		{54CAA7AB-C75F-4976-9D7A-DC9EEFD2BE7D}.Debug|Any CPU.Build.0 = Debug|Any CPU
		{54CAA7AB-C75F-4976-9D7A-DC9EEFD2BE7D}.Debug|x64.ActiveCfg = Debug|Any CPU
		{54CAA7AB-C75F-4976-9D7A-DC9EEFD2BE7D}.Debug|x64.Build.0 = Debug|Any CPU
		{54CAA7AB-C75F-4976-9D7A-DC9EEFD2BE7D}.Debug|x86.ActiveCfg = Debug|Any CPU
		{54CAA7AB-C75F-4976-9D7A-DC9EEFD2BE7D}.Debug|x86.Build.0 = Debug|Any CPU
		{54CAA7AB-C75F-4976-9D7A-DC9EEFD2BE7D}.Release|Any CPU.ActiveCfg = Release|Any CPU
		{54CAA7AB-C75F-4976-9D7A-DC9EEFD2BE7D}.Release|Any CPU.Build.0 = Release|Any CPU
		{54CAA7AB-C75F-4976-9D7A-DC9EEFD2BE7D}.Release|x64.ActiveCfg = Release|Any CPU
		{54CAA7AB-C75F-4976-9D7A-DC9EEFD2BE7D}.Release|x64.Build.0 = Release|Any CPU
		{54CAA7AB-C75F-4976-9D7A-DC9EEFD2BE7D}.Release|x86.ActiveCfg = Release|Any CPU
		{54CAA7AB-C75F-4976-9D7A-DC9EEFD2BE7D}.Release|x86.Build.0 = Release|Any CPU
		{C2337C57-94D2-4796-9F2C-54CA9417550F}.Debug|Any CPU.ActiveCfg = Debug|Any CPU
		{C2337C57-94D2-4796-9F2C-54CA9417550F}.Debug|Any CPU.Build.0 = Debug|Any CPU
		{C2337C57-94D2-4796-9F2C-54CA9417550F}.Debug|x64.ActiveCfg = Debug|Any CPU
		{C2337C57-94D2-4796-9F2C-54CA9417550F}.Debug|x64.Build.0 = Debug|Any CPU
		{C2337C57-94D2-4796-9F2C-54CA9417550F}.Debug|x86.ActiveCfg = Debug|Any CPU
		{C2337C57-94D2-4796-9F2C-54CA9417550F}.Debug|x86.Build.0 = Debug|Any CPU
		{C2337C57-94D2-4796-9F2C-54CA9417550F}.Release|Any CPU.ActiveCfg = Release|Any CPU
		{C2337C57-94D2-4796-9F2C-54CA9417550F}.Release|Any CPU.Build.0 = Release|Any CPU
		{C2337C57-94D2-4796-9F2C-54CA9417550F}.Release|x64.ActiveCfg = Release|Any CPU
		{C2337C57-94D2-4796-9F2C-54CA9417550F}.Release|x64.Build.0 = Release|Any CPU
		{C2337C57-94D2-4796-9F2C-54CA9417550F}.Release|x86.ActiveCfg = Release|Any CPU
		{C2337C57-94D2-4796-9F2C-54CA9417550F}.Release|x86.Build.0 = Release|Any CPU
	EndGlobalSection
EndGlobal
